// !$*UTF8*$!
{
	archiveVersion = 1;
	classes = {
	};
	objectVersion = 56;
	objects = {

/* Begin PBXBuildFile section */
		29A0F00A2982814100EDAD1A /* Neontri_Space_ChallengeApp.swift in Sources */ = {isa = PBXBuildFile; fileRef = 29A0F0092982814100EDAD1A /* Neontri_Space_ChallengeApp.swift */; };
		29A0F00C2982814100EDAD1A /* ContentView.swift in Sources */ = {isa = PBXBuildFile; fileRef = 29A0F00B2982814100EDAD1A /* ContentView.swift */; };
		29A0F00E2982814400EDAD1A /* Assets.xcassets in Resources */ = {isa = PBXBuildFile; fileRef = 29A0F00D2982814400EDAD1A /* Assets.xcassets */; };
		29A0F0112982814400EDAD1A /* Preview Assets.xcassets in Resources */ = {isa = PBXBuildFile; fileRef = 29A0F0102982814400EDAD1A /* Preview Assets.xcassets */; };
		29A0F018298282AA00EDAD1A /* LaunchModel.swift in Sources */ = {isa = PBXBuildFile; fileRef = 29A0F017298282AA00EDAD1A /* LaunchModel.swift */; };
		29A0F0222982DDB400EDAD1A /* LaunchStatusModel.swift in Sources */ = {isa = PBXBuildFile; fileRef = 29A0F0212982DDB400EDAD1A /* LaunchStatusModel.swift */; };
		29A0F0242982DE0000EDAD1A /* LaunchServiceProviderModel.swift in Sources */ = {isa = PBXBuildFile; fileRef = 29A0F0232982DE0000EDAD1A /* LaunchServiceProviderModel.swift */; };
		29A0F0262982DE2600EDAD1A /* RocketModel.swift in Sources */ = {isa = PBXBuildFile; fileRef = 29A0F0252982DE2600EDAD1A /* RocketModel.swift */; };
		29A0F0282982DE7100EDAD1A /* MissionModel.swift in Sources */ = {isa = PBXBuildFile; fileRef = 29A0F0272982DE7100EDAD1A /* MissionModel.swift */; };
		29A0F02A2982DE9700EDAD1A /* PadModel.swift in Sources */ = {isa = PBXBuildFile; fileRef = 29A0F0292982DE9700EDAD1A /* PadModel.swift */; };
		29A0F02C2982DED800EDAD1A /* LocationModel.swift in Sources */ = {isa = PBXBuildFile; fileRef = 29A0F02B2982DED800EDAD1A /* LocationModel.swift */; };
		29E974B62982F63000719FC4 /* LaunchView.swift in Sources */ = {isa = PBXBuildFile; fileRef = 29E974B52982F63000719FC4 /* LaunchView.swift */; };
		29F3B2832982E31E0069428A /* LaunchViewModel.swift in Sources */ = {isa = PBXBuildFile; fileRef = 29F3B2822982E31E0069428A /* LaunchViewModel.swift */; };
/* End PBXBuildFile section */

/* Begin PBXFileReference section */
		29A0F0062982814100EDAD1A /* Neontri-Space-Challenge.app */ = {isa = PBXFileReference; explicitFileType = wrapper.application; includeInIndex = 0; path = "Neontri-Space-Challenge.app"; sourceTree = BUILT_PRODUCTS_DIR; };
		29A0F0092982814100EDAD1A /* Neontri_Space_ChallengeApp.swift */ = {isa = PBXFileReference; lastKnownFileType = sourcecode.swift; path = Neontri_Space_ChallengeApp.swift; sourceTree = "<group>"; };
		29A0F00B2982814100EDAD1A /* ContentView.swift */ = {isa = PBXFileReference; lastKnownFileType = sourcecode.swift; path = ContentView.swift; sourceTree = "<group>"; };
		29A0F00D2982814400EDAD1A /* Assets.xcassets */ = {isa = PBXFileReference; lastKnownFileType = folder.assetcatalog; path = Assets.xcassets; sourceTree = "<group>"; };
		29A0F0102982814400EDAD1A /* Preview Assets.xcassets */ = {isa = PBXFileReference; lastKnownFileType = folder.assetcatalog; path = "Preview Assets.xcassets"; sourceTree = "<group>"; };
		29A0F017298282AA00EDAD1A /* LaunchModel.swift */ = {isa = PBXFileReference; lastKnownFileType = sourcecode.swift; path = LaunchModel.swift; sourceTree = "<group>"; };
		29A0F0212982DDB400EDAD1A /* LaunchStatusModel.swift */ = {isa = PBXFileReference; lastKnownFileType = sourcecode.swift; path = LaunchStatusModel.swift; sourceTree = "<group>"; };
		29A0F0232982DE0000EDAD1A /* LaunchServiceProviderModel.swift */ = {isa = PBXFileReference; lastKnownFileType = sourcecode.swift; path = LaunchServiceProviderModel.swift; sourceTree = "<group>"; };
		29A0F0252982DE2600EDAD1A /* RocketModel.swift */ = {isa = PBXFileReference; lastKnownFileType = sourcecode.swift; path = RocketModel.swift; sourceTree = "<group>"; };
		29A0F0272982DE7100EDAD1A /* MissionModel.swift */ = {isa = PBXFileReference; lastKnownFileType = sourcecode.swift; path = MissionModel.swift; sourceTree = "<group>"; };
		29A0F0292982DE9700EDAD1A /* PadModel.swift */ = {isa = PBXFileReference; lastKnownFileType = sourcecode.swift; path = PadModel.swift; sourceTree = "<group>"; };
		29A0F02B2982DED800EDAD1A /* LocationModel.swift */ = {isa = PBXFileReference; lastKnownFileType = sourcecode.swift; path = LocationModel.swift; sourceTree = "<group>"; };
		29E974B52982F63000719FC4 /* LaunchView.swift */ = {isa = PBXFileReference; lastKnownFileType = sourcecode.swift; path = LaunchView.swift; sourceTree = "<group>"; };
		29F3B2822982E31E0069428A /* LaunchViewModel.swift */ = {isa = PBXFileReference; lastKnownFileType = sourcecode.swift; path = LaunchViewModel.swift; sourceTree = "<group>"; };
/* End PBXFileReference section */

/* Begin PBXFrameworksBuildPhase section */
		29A0F0032982814100EDAD1A /* Frameworks */ = {
			isa = PBXFrameworksBuildPhase;
			buildActionMask = 2147483647;
			files = (
			);
			runOnlyForDeploymentPostprocessing = 0;
		};
/* End PBXFrameworksBuildPhase section */

/* Begin PBXGroup section */
		29A0EFFD2982814100EDAD1A = {
			isa = PBXGroup;
			children = (
				29A0F0082982814100EDAD1A /* Neontri-Space-Challenge */,
				29A0F0072982814100EDAD1A /* Products */,
			);
			sourceTree = "<group>";
		};
		29A0F0072982814100EDAD1A /* Products */ = {
			isa = PBXGroup;
			children = (
				29A0F0062982814100EDAD1A /* Neontri-Space-Challenge.app */,
			);
			name = Products;
			sourceTree = "<group>";
		};
		29A0F0082982814100EDAD1A /* Neontri-Space-Challenge */ = {
			isa = PBXGroup;
			children = (
				29A0F0092982814100EDAD1A /* Neontri_Space_ChallengeApp.swift */,
				29A0F01A2982854100EDAD1A /* Screens */,
				29A0F0192982852F00EDAD1A /* Model */,
				29A0F00D2982814400EDAD1A /* Assets.xcassets */,
				29A0F00F2982814400EDAD1A /* Preview Content */,
			);
			path = "Neontri-Space-Challenge";
			sourceTree = "<group>";
		};
		29A0F00F2982814400EDAD1A /* Preview Content */ = {
			isa = PBXGroup;
			children = (
				29A0F0102982814400EDAD1A /* Preview Assets.xcassets */,
			);
			path = "Preview Content";
			sourceTree = "<group>";
		};
		29A0F0192982852F00EDAD1A /* Model */ = {
			isa = PBXGroup;
			children = (
				29A0F017298282AA00EDAD1A /* LaunchModel.swift */,
				29A0F0212982DDB400EDAD1A /* LaunchStatusModel.swift */,
				29A0F0232982DE0000EDAD1A /* LaunchServiceProviderModel.swift */,
				29A0F0252982DE2600EDAD1A /* RocketModel.swift */,
				29A0F0272982DE7100EDAD1A /* MissionModel.swift */,
				29A0F0292982DE9700EDAD1A /* PadModel.swift */,
				29A0F02B2982DED800EDAD1A /* LocationModel.swift */,
			);
			path = Model;
			sourceTree = "<group>";
		};
		29A0F01A2982854100EDAD1A /* Screens */ = {
			isa = PBXGroup;
			children = (
				29F3B2812982E2F90069428A /* LaunchViewModel */,
				29A0F00B2982814100EDAD1A /* ContentView.swift */,
				29E974B52982F63000719FC4 /* LaunchView.swift */,
			);
			path = Screens;
			sourceTree = "<group>";
		};
		29F3B2812982E2F90069428A /* LaunchViewModel */ = {
			isa = PBXGroup;
			children = (
				29F3B2822982E31E0069428A /* LaunchViewModel.swift */,
			);
			path = LaunchViewModel;
			sourceTree = "<group>";
		};
/* End PBXGroup section */

/* Begin PBXNativeTarget section */
		29A0F0052982814100EDAD1A /* Neontri-Space-Challenge */ = {
			isa = PBXNativeTarget;
			buildConfigurationList = 29A0F0142982814400EDAD1A /* Build configuration list for PBXNativeTarget "Neontri-Space-Challenge" */;
			buildPhases = (
				29A0F0022982814100EDAD1A /* Sources */,
				29A0F0032982814100EDAD1A /* Frameworks */,
				29A0F0042982814100EDAD1A /* Resources */,
			);
			buildRules = (
			);
			dependencies = (
			);
			name = "Neontri-Space-Challenge";
			productName = "Neontri-Space-Challenge";
			productReference = 29A0F0062982814100EDAD1A /* Neontri-Space-Challenge.app */;
			productType = "com.apple.product-type.application";
		};
/* End PBXNativeTarget section */

/* Begin PBXProject section */
		29A0EFFE2982814100EDAD1A /* Project object */ = {
			isa = PBXProject;
			attributes = {
				BuildIndependentTargetsInParallel = 1;
				LastSwiftUpdateCheck = 1400;
				LastUpgradeCheck = 1400;
				TargetAttributes = {
					29A0F0052982814100EDAD1A = {
						CreatedOnToolsVersion = 14.0.1;
					};
				};
			};
			buildConfigurationList = 29A0F0012982814100EDAD1A /* Build configuration list for PBXProject "Neontri-Space-Challenge" */;
			compatibilityVersion = "Xcode 14.0";
			developmentRegion = en;
			hasScannedForEncodings = 0;
			knownRegions = (
				en,
				Base,
			);
			mainGroup = 29A0EFFD2982814100EDAD1A;
			productRefGroup = 29A0F0072982814100EDAD1A /* Products */;
			projectDirPath = "";
			projectRoot = "";
			targets = (
				29A0F0052982814100EDAD1A /* Neontri-Space-Challenge */,
			);
		};
/* End PBXProject section */

/* Begin PBXResourcesBuildPhase section */
		29A0F0042982814100EDAD1A /* Resources */ = {
			isa = PBXResourcesBuildPhase;
			buildActionMask = 2147483647;
			files = (
				29A0F0112982814400EDAD1A /* Preview Assets.xcassets in Resources */,
				29A0F00E2982814400EDAD1A /* Assets.xcassets in Resources */,
			);
			runOnlyForDeploymentPostprocessing = 0;
		};
/* End PBXResourcesBuildPhase section */

/* Begin PBXSourcesBuildPhase section */
		29A0F0022982814100EDAD1A /* Sources */ = {
			isa = PBXSourcesBuildPhase;
			buildActionMask = 2147483647;
			files = (
				29A0F018298282AA00EDAD1A /* LaunchModel.swift in Sources */,
				29E974B62982F63000719FC4 /* LaunchView.swift in Sources */,
				29A0F00C2982814100EDAD1A /* ContentView.swift in Sources */,
				29A0F0222982DDB400EDAD1A /* LaunchStatusModel.swift in Sources */,
				29F3B2832982E31E0069428A /* LaunchViewModel.swift in Sources */,
				29A0F0262982DE2600EDAD1A /* RocketModel.swift in Sources */,
				29A0F02C2982DED800EDAD1A /* LocationModel.swift in Sources */,
				29A0F0282982DE7100EDAD1A /* MissionModel.swift in Sources */,
				29A0F0242982DE0000EDAD1A /* LaunchServiceProviderModel.swift in Sources */,
				29A0F00A2982814100EDAD1A /* Neontri_Space_ChallengeApp.swift in Sources */,
				29A0F02A2982DE9700EDAD1A /* PadModel.swift in Sources */,
			);
			runOnlyForDeploymentPostprocessing = 0;
		};
/* End PBXSourcesBuildPhase section */

/* Begin XCBuildConfiguration section */
		29A0F0122982814400EDAD1A /* Debug */ = {
			isa = XCBuildConfiguration;
			buildSettings = {
				ALWAYS_SEARCH_USER_PATHS = NO;
				CLANG_ANALYZER_NONNULL = YES;
				CLANG_ANALYZER_NUMBER_OBJECT_CONVERSION = YES_AGGRESSIVE;
				CLANG_CXX_LANGUAGE_STANDARD = "gnu++20";
				CLANG_ENABLE_MODULES = YES;
				CLANG_ENABLE_OBJC_ARC = YES;
				CLANG_ENABLE_OBJC_WEAK = YES;
				CLANG_WARN_BLOCK_CAPTURE_AUTORELEASING = YES;
				CLANG_WARN_BOOL_CONVERSION = YES;
				CLANG_WARN_COMMA = YES;
				CLANG_WARN_CONSTANT_CONVERSION = YES;
				CLANG_WARN_DEPRECATED_OBJC_IMPLEMENTATIONS = YES;
				CLANG_WARN_DIRECT_OBJC_ISA_USAGE = YES_ERROR;
				CLANG_WARN_DOCUMENTATION_COMMENTS = YES;
				CLANG_WARN_EMPTY_BODY = YES;
				CLANG_WARN_ENUM_CONVERSION = YES;
				CLANG_WARN_INFINITE_RECURSION = YES;
				CLANG_WARN_INT_CONVERSION = YES;
				CLANG_WARN_NON_LITERAL_NULL_CONVERSION = YES;
				CLANG_WARN_OBJC_IMPLICIT_RETAIN_SELF = YES;
				CLANG_WARN_OBJC_LITERAL_CONVERSION = YES;
				CLANG_WARN_OBJC_ROOT_CLASS = YES_ERROR;
				CLANG_WARN_QUOTED_INCLUDE_IN_FRAMEWORK_HEADER = YES;
				CLANG_WARN_RANGE_LOOP_ANALYSIS = YES;
				CLANG_WARN_STRICT_PROTOTYPES = YES;
				CLANG_WARN_SUSPICIOUS_MOVE = YES;
				CLANG_WARN_UNGUARDED_AVAILABILITY = YES_AGGRESSIVE;
				CLANG_WARN_UNREACHABLE_CODE = YES;
				CLANG_WARN__DUPLICATE_METHOD_MATCH = YES;
				COPY_PHASE_STRIP = NO;
				DEBUG_INFORMATION_FORMAT = dwarf;
				ENABLE_STRICT_OBJC_MSGSEND = YES;
				ENABLE_TESTABILITY = YES;
				GCC_C_LANGUAGE_STANDARD = gnu11;
				GCC_DYNAMIC_NO_PIC = NO;
				GCC_NO_COMMON_BLOCKS = YES;
				GCC_OPTIMIZATION_LEVEL = 0;
				GCC_PREPROCESSOR_DEFINITIONS = (
					"DEBUG=1",
					"$(inherited)",
				);
				GCC_WARN_64_TO_32_BIT_CONVERSION = YES;
				GCC_WARN_ABOUT_RETURN_TYPE = YES_ERROR;
				GCC_WARN_UNDECLARED_SELECTOR = YES;
				GCC_WARN_UNINITIALIZED_AUTOS = YES_AGGRESSIVE;
				GCC_WARN_UNUSED_FUNCTION = YES;
				GCC_WARN_UNUSED_VARIABLE = YES;
				IPHONEOS_DEPLOYMENT_TARGET = 16.0;
				MTL_ENABLE_DEBUG_INFO = INCLUDE_SOURCE;
				MTL_FAST_MATH = YES;
				ONLY_ACTIVE_ARCH = YES;
				SDKROOT = iphoneos;
				SWIFT_ACTIVE_COMPILATION_CONDITIONS = DEBUG;
				SWIFT_OPTIMIZATION_LEVEL = "-Onone";
			};
			name = Debug;
		};
		29A0F0132982814400EDAD1A /* Release */ = {
			isa = XCBuildConfiguration;
			buildSettings = {
				ALWAYS_SEARCH_USER_PATHS = NO;
				CLANG_ANALYZER_NONNULL = YES;
				CLANG_ANALYZER_NUMBER_OBJECT_CONVERSION = YES_AGGRESSIVE;
				CLANG_CXX_LANGUAGE_STANDARD = "gnu++20";
				CLANG_ENABLE_MODULES = YES;
				CLANG_ENABLE_OBJC_ARC = YES;
				CLANG_ENABLE_OBJC_WEAK = YES;
				CLANG_WARN_BLOCK_CAPTURE_AUTORELEASING = YES;
				CLANG_WARN_BOOL_CONVERSION = YES;
				CLANG_WARN_COMMA = YES;
				CLANG_WARN_CONSTANT_CONVERSION = YES;
				CLANG_WARN_DEPRECATED_OBJC_IMPLEMENTATIONS = YES;
				CLANG_WARN_DIRECT_OBJC_ISA_USAGE = YES_ERROR;
				CLANG_WARN_DOCUMENTATION_COMMENTS = YES;
				CLANG_WARN_EMPTY_BODY = YES;
				CLANG_WARN_ENUM_CONVERSION = YES;
				CLANG_WARN_INFINITE_RECURSION = YES;
				CLANG_WARN_INT_CONVERSION = YES;
				CLANG_WARN_NON_LITERAL_NULL_CONVERSION = YES;
				CLANG_WARN_OBJC_IMPLICIT_RETAIN_SELF = YES;
				CLANG_WARN_OBJC_LITERAL_CONVERSION = YES;
				CLANG_WARN_OBJC_ROOT_CLASS = YES_ERROR;
				CLANG_WARN_QUOTED_INCLUDE_IN_FRAMEWORK_HEADER = YES;
				CLANG_WARN_RANGE_LOOP_ANALYSIS = YES;
				CLANG_WARN_STRICT_PROTOTYPES = YES;
				CLANG_WARN_SUSPICIOUS_MOVE = YES;
				CLANG_WARN_UNGUARDED_AVAILABILITY = YES_AGGRESSIVE;
				CLANG_WARN_UNREACHABLE_CODE = YES;
				CLANG_WARN__DUPLICATE_METHOD_MATCH = YES;
				COPY_PHASE_STRIP = NO;
				DEBUG_INFORMATION_FORMAT = "dwarf-with-dsym";
				ENABLE_NS_ASSERTIONS = NO;
				ENABLE_STRICT_OBJC_MSGSEND = YES;
				GCC_C_LANGUAGE_STANDARD = gnu11;
				GCC_NO_COMMON_BLOCKS = YES;
				GCC_WARN_64_TO_32_BIT_CONVERSION = YES;
				GCC_WARN_ABOUT_RETURN_TYPE = YES_ERROR;
				GCC_WARN_UNDECLARED_SELECTOR = YES;
				GCC_WARN_UNINITIALIZED_AUTOS = YES_AGGRESSIVE;
				GCC_WARN_UNUSED_FUNCTION = YES;
				GCC_WARN_UNUSED_VARIABLE = YES;
				IPHONEOS_DEPLOYMENT_TARGET = 16.0;
				MTL_ENABLE_DEBUG_INFO = NO;
				MTL_FAST_MATH = YES;
				SDKROOT = iphoneos;
				SWIFT_COMPILATION_MODE = wholemodule;
				SWIFT_OPTIMIZATION_LEVEL = "-O";
				VALIDATE_PRODUCT = YES;
			};
			name = Release;
		};
		29A0F0152982814400EDAD1A /* Debug */ = {
			isa = XCBuildConfiguration;
			buildSettings = {
				ASSETCATALOG_COMPILER_APPICON_NAME = AppIcon;
				ASSETCATALOG_COMPILER_GLOBAL_ACCENT_COLOR_NAME = AccentColor;
				CODE_SIGN_STYLE = Automatic;
				CURRENT_PROJECT_VERSION = 1;
				DEVELOPMENT_ASSET_PATHS = "\"Neontri-Space-Challenge/Preview Content\"";
				ENABLE_PREVIEWS = YES;
				GENERATE_INFOPLIST_FILE = YES;
				INFOPLIST_KEY_UIApplicationSceneManifest_Generation = YES;
				INFOPLIST_KEY_UIApplicationSupportsIndirectInputEvents = YES;
				INFOPLIST_KEY_UILaunchScreen_Generation = YES;
				INFOPLIST_KEY_UISupportedInterfaceOrientations_iPad = "UIInterfaceOrientationPortrait UIInterfaceOrientationPortraitUpsideDown UIInterfaceOrientationLandscapeLeft UIInterfaceOrientationLandscapeRight";
				INFOPLIST_KEY_UISupportedInterfaceOrientations_iPhone = "UIInterfaceOrientationPortrait UIInterfaceOrientationLandscapeLeft UIInterfaceOrientationLandscapeRight";
				LD_RUNPATH_SEARCH_PATHS = (
					"$(inherited)",
					"@executable_path/Frameworks",
				);
				MARKETING_VERSION = 1.0;
				PRODUCT_BUNDLE_IDENTIFIER = "com.sebulla.Neontri-Space-Challenge";
				PRODUCT_NAME = "$(TARGET_NAME)";
				SWIFT_EMIT_LOC_STRINGS = YES;
				SWIFT_VERSION = 5.0;
				TARGETED_DEVICE_FAMILY = "1,2";
			};
			name = Debug;
		};
		29A0F0162982814400EDAD1A /* Release */ = {
			isa = XCBuildConfiguration;
			buildSettings = {
				ASSETCATALOG_COMPILER_APPICON_NAME = AppIcon;
				ASSETCATALOG_COMPILER_GLOBAL_ACCENT_COLOR_NAME = AccentColor;
				CODE_SIGN_STYLE = Automatic;
				CURRENT_PROJECT_VERSION = 1;
				DEVELOPMENT_ASSET_PATHS = "\"Neontri-Space-Challenge/Preview Content\"";
				ENABLE_PREVIEWS = YES;
				GENERATE_INFOPLIST_FILE = YES;
				INFOPLIST_KEY_UIApplicationSceneManifest_Generation = YES;
				INFOPLIST_KEY_UIApplicationSupportsIndirectInputEvents = YES;
				INFOPLIST_KEY_UILaunchScreen_Generation = YES;
				INFOPLIST_KEY_UISupportedInterfaceOrientations_iPad = "UIInterfaceOrientationPortrait UIInterfaceOrientationPortraitUpsideDown UIInterfaceOrientationLandscapeLeft UIInterfaceOrientationLandscapeRight";
				INFOPLIST_KEY_UISupportedInterfaceOrientations_iPhone = "UIInterfaceOrientationPortrait UIInterfaceOrientationLandscapeLeft UIInterfaceOrientationLandscapeRight";
				LD_RUNPATH_SEARCH_PATHS = (
					"$(inherited)",
					"@executable_path/Frameworks",
				);
				MARKETING_VERSION = 1.0;
				PRODUCT_BUNDLE_IDENTIFIER = "com.sebulla.Neontri-Space-Challenge";
				PRODUCT_NAME = "$(TARGET_NAME)";
				SWIFT_EMIT_LOC_STRINGS = YES;
				SWIFT_VERSION = 5.0;
				TARGETED_DEVICE_FAMILY = "1,2";
			};
			name = Release;
		};
/* End XCBuildConfiguration section */

/* Begin XCConfigurationList section */
		29A0F0012982814100EDAD1A /* Build configuration list for PBXProject "Neontri-Space-Challenge" */ = {
			isa = XCConfigurationList;
			buildConfigurations = (
				29A0F0122982814400EDAD1A /* Debug */,
				29A0F0132982814400EDAD1A /* Release */,
			);
			defaultConfigurationIsVisible = 0;
			defaultConfigurationName = Release;
		};
		29A0F0142982814400EDAD1A /* Build configuration list for PBXNativeTarget "Neontri-Space-Challenge" */ = {
			isa = XCConfigurationList;
			buildConfigurations = (
				29A0F0152982814400EDAD1A /* Debug */,
				29A0F0162982814400EDAD1A /* Release */,
			);
			defaultConfigurationIsVisible = 0;
			defaultConfigurationName = Release;
		};
/* End XCConfigurationList section */
	};
	rootObject = 29A0EFFE2982814100EDAD1A /* Project object */;
}
